// !$*UTF8*$!
{
	archiveVersion = 1;
	classes = {
	};
	objectVersion = 56;
	objects = {

/* Begin PBXBuildFile section */
		B367E23A29260F15004DF26D /* main.swift in Sources */ = {isa = PBXBuildFile; fileRef = B367E23929260F15004DF26D /* main.swift */; };
		B3AE67932928704A00B475E4 /* Traits.swift in Sources */ = {isa = PBXBuildFile; fileRef = B3AE67922928704A00B475E4 /* Traits.swift */; };
		B3AE679529287B5600B475E4 /* Types.swift in Sources */ = {isa = PBXBuildFile; fileRef = B3AE679429287B5600B475E4 /* Types.swift */; };
		B3AE679729287B9400B475E4 /* Region.swift in Sources */ = {isa = PBXBuildFile; fileRef = B3AE679629287B9400B475E4 /* Region.swift */; };
		B3AE679929287BBD00B475E4 /* BasicBlock.swift in Sources */ = {isa = PBXBuildFile; fileRef = B3AE679829287BBD00B475E4 /* BasicBlock.swift */; };
/* End PBXBuildFile section */

/* Begin PBXCopyFilesBuildPhase section */
		B367E23429260F15004DF26D /* CopyFiles */ = {
			isa = PBXCopyFilesBuildPhase;
			buildActionMask = 2147483647;
			dstPath = /usr/share/man/man1/;
			dstSubfolderSpec = 0;
			files = (
			);
			runOnlyForDeploymentPostprocessing = 1;
		};
/* End PBXCopyFilesBuildPhase section */

/* Begin PBXFileReference section */
		B367E23629260F15004DF26D /* Lily */ = {isa = PBXFileReference; explicitFileType = "compiled.mach-o.executable"; includeInIndex = 0; path = Lily; sourceTree = BUILT_PRODUCTS_DIR; };
		B367E23929260F15004DF26D /* main.swift */ = {isa = PBXFileReference; lastKnownFileType = sourcecode.swift; path = main.swift; sourceTree = "<group>"; };
		B3AE67922928704A00B475E4 /* Traits.swift */ = {isa = PBXFileReference; lastKnownFileType = sourcecode.swift; path = Traits.swift; sourceTree = "<group>"; };
		B3AE679429287B5600B475E4 /* Types.swift */ = {isa = PBXFileReference; lastKnownFileType = sourcecode.swift; path = Types.swift; sourceTree = "<group>"; };
		B3AE679629287B9400B475E4 /* Region.swift */ = {isa = PBXFileReference; lastKnownFileType = sourcecode.swift; path = Region.swift; sourceTree = "<group>"; };
		B3AE679829287BBD00B475E4 /* BasicBlock.swift */ = {isa = PBXFileReference; lastKnownFileType = sourcecode.swift; path = BasicBlock.swift; sourceTree = "<group>"; };
/* End PBXFileReference section */

/* Begin PBXFrameworksBuildPhase section */
		B367E23329260F15004DF26D /* Frameworks */ = {
			isa = PBXFrameworksBuildPhase;
			buildActionMask = 2147483647;
			files = (
			);
			runOnlyForDeploymentPostprocessing = 0;
		};
/* End PBXFrameworksBuildPhase section */

/* Begin PBXGroup section */
		B367E22D29260F15004DF26D = {
			isa = PBXGroup;
			children = (
				B367E23829260F15004DF26D /* Lily */,
				B367E23729260F15004DF26D /* Products */,
			);
			sourceTree = "<group>";
		};
		B367E23729260F15004DF26D /* Products */ = {
			isa = PBXGroup;
			children = (
				B367E23629260F15004DF26D /* Lily */,
			);
			name = Products;
			sourceTree = "<group>";
		};
		B367E23829260F15004DF26D /* Lily */ = {
			isa = PBXGroup;
			children = (
				B367E23929260F15004DF26D /* main.swift */,
				B3AE67922928704A00B475E4 /* Traits.swift */,
				B3AE679429287B5600B475E4 /* Types.swift */,
				B3AE679629287B9400B475E4 /* Region.swift */,
				B3AE679829287BBD00B475E4 /* BasicBlock.swift */,
			);
			path = Lily;
			sourceTree = "<group>";
		};
/* End PBXGroup section */

/* Begin PBXNativeTarget section */
		B367E23529260F15004DF26D /* Lily */ = {
			isa = PBXNativeTarget;
			buildConfigurationList = B367E23D29260F15004DF26D /* Build configuration list for PBXNativeTarget "Lily" */;
			buildPhases = (
				B367E23229260F15004DF26D /* Sources */,
				B367E23329260F15004DF26D /* Frameworks */,
				B367E23429260F15004DF26D /* CopyFiles */,
			);
			buildRules = (
			);
			dependencies = (
			);
			name = Lily;
			productName = Lily;
			productReference = B367E23629260F15004DF26D /* Lily */;
			productType = "com.apple.product-type.tool";
		};
/* End PBXNativeTarget section */

/* Begin PBXProject section */
		B367E22E29260F15004DF26D /* Project object */ = {
			isa = PBXProject;
			attributes = {
				BuildIndependentTargetsInParallel = 1;
				LastSwiftUpdateCheck = 1410;
				LastUpgradeCheck = 1410;
				TargetAttributes = {
					B367E23529260F15004DF26D = {
						CreatedOnToolsVersion = 14.1;
					};
				};
			};
			buildConfigurationList = B367E23129260F15004DF26D /* Build configuration list for PBXProject "Lily" */;
			compatibilityVersion = "Xcode 14.0";
			developmentRegion = en;
			hasScannedForEncodings = 0;
			knownRegions = (
				en,
				Base,
			);
			mainGroup = B367E22D29260F15004DF26D;
			productRefGroup = B367E23729260F15004DF26D /* Products */;
			projectDirPath = "";
			projectRoot = "";
			targets = (
				B367E23529260F15004DF26D /* Lily */,
			);
		};
/* End PBXProject section */

/* Begin PBXSourcesBuildPhase section */
		B367E23229260F15004DF26D /* Sources */ = {
			isa = PBXSourcesBuildPhase;
			buildActionMask = 2147483647;
			files = (
				B3AE679929287BBD00B475E4 /* BasicBlock.swift in Sources */,
				B3AE679529287B5600B475E4 /* Types.swift in Sources */,
				B3AE67932928704A00B475E4 /* Traits.swift in Sources */,
				B367E23A29260F15004DF26D /* main.swift in Sources */,
				B3AE679729287B9400B475E4 /* Region.swift in Sources */,
			);
			runOnlyForDeploymentPostprocessing = 0;
		};
/* End PBXSourcesBuildPhase section */

/* Begin XCBuildConfiguration section */
		B367E23B29260F15004DF26D /* Debug */ = {
			isa = XCBuildConfiguration;
			buildSettings = {
				ALWAYS_SEARCH_USER_PATHS = NO;
				CLANG_ANALYZER_NONNULL = YES;
				CLANG_ANALYZER_NUMBER_OBJECT_CONVERSION = YES_AGGRESSIVE;
				CLANG_CXX_LANGUAGE_STANDARD = "gnu++20";
				CLANG_ENABLE_MODULES = YES;
				CLANG_ENABLE_OBJC_ARC = YES;
				CLANG_ENABLE_OBJC_WEAK = YES;
				CLANG_WARN_BLOCK_CAPTURE_AUTORELEASING = YES;
				CLANG_WARN_BOOL_CONVERSION = YES;
				CLANG_WARN_COMMA = YES;
				CLANG_WARN_CONSTANT_CONVERSION = YES;
				CLANG_WARN_DEPRECATED_OBJC_IMPLEMENTATIONS = YES;
				CLANG_WARN_DIRECT_OBJC_ISA_USAGE = YES_ERROR;
				CLANG_WARN_DOCUMENTATION_COMMENTS = YES;
				CLANG_WARN_EMPTY_BODY = YES;
				CLANG_WARN_ENUM_CONVERSION = YES;
				CLANG_WARN_INFINITE_RECURSION = YES;
				CLANG_WARN_INT_CONVERSION = YES;
				CLANG_WARN_NON_LITERAL_NULL_CONVERSION = YES;
				CLANG_WARN_OBJC_IMPLICIT_RETAIN_SELF = YES;
				CLANG_WARN_OBJC_LITERAL_CONVERSION = YES;
				CLANG_WARN_OBJC_ROOT_CLASS = YES_ERROR;
				CLANG_WARN_QUOTED_INCLUDE_IN_FRAMEWORK_HEADER = YES;
				CLANG_WARN_RANGE_LOOP_ANALYSIS = YES;
				CLANG_WARN_STRICT_PROTOTYPES = YES;
				CLANG_WARN_SUSPICIOUS_MOVE = YES;
				CLANG_WARN_UNGUARDED_AVAILABILITY = YES_AGGRESSIVE;
				CLANG_WARN_UNREACHABLE_CODE = YES;
				CLANG_WARN__DUPLICATE_METHOD_MATCH = YES;
				COPY_PHASE_STRIP = NO;
				DEBUG_INFORMATION_FORMAT = dwarf;
				ENABLE_STRICT_OBJC_MSGSEND = YES;
				ENABLE_TESTABILITY = YES;
				GCC_C_LANGUAGE_STANDARD = gnu11;
				GCC_DYNAMIC_NO_PIC = NO;
				GCC_NO_COMMON_BLOCKS = YES;
				GCC_OPTIMIZATION_LEVEL = 0;
				GCC_PREPROCESSOR_DEFINITIONS = (
					"DEBUG=1",
					"$(inherited)",
				);
				GCC_WARN_64_TO_32_BIT_CONVERSION = YES;
				GCC_WARN_ABOUT_RETURN_TYPE = YES_ERROR;
				GCC_WARN_UNDECLARED_SELECTOR = YES;
				GCC_WARN_UNINITIALIZED_AUTOS = YES_AGGRESSIVE;
				GCC_WARN_UNUSED_FUNCTION = YES;
				GCC_WARN_UNUSED_VARIABLE = YES;
				MACOSX_DEPLOYMENT_TARGET = 13.0;
				MTL_ENABLE_DEBUG_INFO = INCLUDE_SOURCE;
				MTL_FAST_MATH = YES;
				ONLY_ACTIVE_ARCH = YES;
				SDKROOT = macosx;
				SWIFT_ACTIVE_COMPILATION_CONDITIONS = DEBUG;
				SWIFT_OPTIMIZATION_LEVEL = "-Onone";
			};
			name = Debug;
		};
		B367E23C29260F15004DF26D /* Release */ = {
			isa = XCBuildConfiguration;
			buildSettings = {
				ALWAYS_SEARCH_USER_PATHS = NO;
				CLANG_ANALYZER_NONNULL = YES;
				CLANG_ANALYZER_NUMBER_OBJECT_CONVERSION = YES_AGGRESSIVE;
				CLANG_CXX_LANGUAGE_STANDARD = "gnu++20";
				CLANG_ENABLE_MODULES = YES;
				CLANG_ENABLE_OBJC_ARC = YES;
				CLANG_ENABLE_OBJC_WEAK = YES;
				CLANG_WARN_BLOCK_CAPTURE_AUTORELEASING = YES;
				CLANG_WARN_BOOL_CONVERSION = YES;
				CLANG_WARN_COMMA = YES;
				CLANG_WARN_CONSTANT_CONVERSION = YES;
				CLANG_WARN_DEPRECATED_OBJC_IMPLEMENTATIONS = YES;
				CLANG_WARN_DIRECT_OBJC_ISA_USAGE = YES_ERROR;
				CLANG_WARN_DOCUMENTATION_COMMENTS = YES;
				CLANG_WARN_EMPTY_BODY = YES;
				CLANG_WARN_ENUM_CONVERSION = YES;
				CLANG_WARN_INFINITE_RECURSION = YES;
				CLANG_WARN_INT_CONVERSION = YES;
				CLANG_WARN_NON_LITERAL_NULL_CONVERSION = YES;
				CLANG_WARN_OBJC_IMPLICIT_RETAIN_SELF = YES;
				CLANG_WARN_OBJC_LITERAL_CONVERSION = YES;
				CLANG_WARN_OBJC_ROOT_CLASS = YES_ERROR;
				CLANG_WARN_QUOTED_INCLUDE_IN_FRAMEWORK_HEADER = YES;
				CLANG_WARN_RANGE_LOOP_ANALYSIS = YES;
				CLANG_WARN_STRICT_PROTOTYPES = YES;
				CLANG_WARN_SUSPICIOUS_MOVE = YES;
				CLANG_WARN_UNGUARDED_AVAILABILITY = YES_AGGRESSIVE;
				CLANG_WARN_UNREACHABLE_CODE = YES;
				CLANG_WARN__DUPLICATE_METHOD_MATCH = YES;
				COPY_PHASE_STRIP = NO;
				DEBUG_INFORMATION_FORMAT = "dwarf-with-dsym";
				ENABLE_NS_ASSERTIONS = NO;
				ENABLE_STRICT_OBJC_MSGSEND = YES;
				GCC_C_LANGUAGE_STANDARD = gnu11;
				GCC_NO_COMMON_BLOCKS = YES;
				GCC_WARN_64_TO_32_BIT_CONVERSION = YES;
				GCC_WARN_ABOUT_RETURN_TYPE = YES_ERROR;
				GCC_WARN_UNDECLARED_SELECTOR = YES;
				GCC_WARN_UNINITIALIZED_AUTOS = YES_AGGRESSIVE;
				GCC_WARN_UNUSED_FUNCTION = YES;
				GCC_WARN_UNUSED_VARIABLE = YES;
				MACOSX_DEPLOYMENT_TARGET = 13.0;
				MTL_ENABLE_DEBUG_INFO = NO;
				MTL_FAST_MATH = YES;
				SDKROOT = macosx;
				SWIFT_COMPILATION_MODE = wholemodule;
				SWIFT_OPTIMIZATION_LEVEL = "-O";
			};
			name = Release;
		};
		B367E23E29260F15004DF26D /* Debug */ = {
			isa = XCBuildConfiguration;
			buildSettings = {
				CODE_SIGN_STYLE = Automatic;
				DEVELOPMENT_TEAM = 72MNHNDUNH;
				ENABLE_HARDENED_RUNTIME = YES;
				"PRODUCT_BUNDLE_IDENTIFIER[sdk=macosx*]" = io.lanza.lily;
				PRODUCT_NAME = "$(TARGET_NAME)";
				SWIFT_VERSION = 5.0;
			};
			name = Debug;
		};
		B367E23F29260F15004DF26D /* Release */ = {
			isa = XCBuildConfiguration;
			buildSettings = {
				CODE_SIGN_STYLE = Automatic;
				DEVELOPMENT_TEAM = 72MNHNDUNH;
				ENABLE_HARDENED_RUNTIME = YES;
				"PRODUCT_BUNDLE_IDENTIFIER[sdk=macosx*]" = io.lanza.lily;
				PRODUCT_NAME = "$(TARGET_NAME)";
				SWIFT_VERSION = 5.0;
			};
			name = Release;
		};
/* End XCBuildConfiguration section */

/* Begin XCConfigurationList section */
		B367E23129260F15004DF26D /* Build configuration list for PBXProject "Lily" */ = {
			isa = XCConfigurationList;
			buildConfigurations = (
				B367E23B29260F15004DF26D /* Debug */,
				B367E23C29260F15004DF26D /* Release */,
			);
			defaultConfigurationIsVisible = 0;
			defaultConfigurationName = Release;
		};
		B367E23D29260F15004DF26D /* Build configuration list for PBXNativeTarget "Lily" */ = {
			isa = XCConfigurationList;
			buildConfigurations = (
				B367E23E29260F15004DF26D /* Debug */,
				B367E23F29260F15004DF26D /* Release */,
			);
			defaultConfigurationIsVisible = 0;
			defaultConfigurationName = Release;
		};
/* End XCConfigurationList section */
	};
	rootObject = B367E22E29260F15004DF26D /* Project object */;
}
